Microsoft Visual Studio Solution File, Format Version 12.00
# Visual Studio 2013
Project("{8BC9CEB8-8B4A-11D0-8D11-00A0C91BC942}") = "ALL_BUILD", "ALL_BUILD.vcxproj", "{62A969DF-8B9A-4A18-A2E8-502E2EB6CE73}"
	ProjectSection(ProjectDependencies) = postProject
		{3514E0C4-0F3C-449C-8354-2BF83B87C547} = {3514E0C4-0F3C-449C-8354-2BF83B87C547}
	EndProjectSection
EndProject
Project("{8BC9CEB8-8B4A-11D0-8D11-00A0C91BC942}") = "Common", "..\Common\Common.vcxproj", "{BE9859FD-26C2-4681-82EA-DD02F98074C2}"
	ProjectSection(ProjectDependencies) = postProject
		{28677E25-6280-4904-8498-0007B8886834} = {28677E25-6280-4904-8498-0007B8886834}
	EndProjectSection
EndProject
Project("{8BC9CEB8-8B4A-11D0-8D11-00A0C91BC942}") = "Greis", "..\Greis\Greis.vcxproj", "{5B386D4F-588F-46D2-A190-3B166C1BD697}"
	ProjectSection(ProjectDependencies) = postProject
		{BE9859FD-26C2-4681-82EA-DD02F98074C2} = {BE9859FD-26C2-4681-82EA-DD02F98074C2}
		{28677E25-6280-4904-8498-0007B8886834} = {28677E25-6280-4904-8498-0007B8886834}
	EndProjectSection
EndProject
Project("{8BC9CEB8-8B4A-11D0-8D11-00A0C91BC942}") = "Platform", "Platform.vcxproj", "{3514E0C4-0F3C-449C-8354-2BF83B87C547}"
	ProjectSection(ProjectDependencies) = postProject
		{BE9859FD-26C2-4681-82EA-DD02F98074C2} = {BE9859FD-26C2-4681-82EA-DD02F98074C2}
		{5B386D4F-588F-46D2-A190-3B166C1BD697} = {5B386D4F-588F-46D2-A190-3B166C1BD697}
		{28677E25-6280-4904-8498-0007B8886834} = {28677E25-6280-4904-8498-0007B8886834}
	EndProjectSection
EndProject
Project("{8BC9CEB8-8B4A-11D0-8D11-00A0C91BC942}") = "RUN_TESTS", "RUN_TESTS.vcxproj", "{2777461C-2F01-449E-8B8D-34613596FECD}"
	ProjectSection(ProjectDependencies) = postProject
	EndProjectSection
EndProject
Project("{8BC9CEB8-8B4A-11D0-8D11-00A0C91BC942}") = "ZERO_CHECK", "..\ZERO_CHECK.vcxproj", "{28677E25-6280-4904-8498-0007B8886834}"
	ProjectSection(ProjectDependencies) = postProject
	EndProjectSection
EndProject
Global
	GlobalSection(SolutionConfigurationPlatforms) = preSolution
		Debug|Win32 = Debug|Win32
		Release|Win32 = Release|Win32
		MinSizeRel|Win32 = MinSizeRel|Win32
		RelWithDebInfo|Win32 = RelWithDebInfo|Win32
	EndGlobalSection
	GlobalSection(ProjectConfigurationPlatforms) = postSolution
		{62A969DF-8B9A-4A18-A2E8-502E2EB6CE73}.Debug|Win32.ActiveCfg = Debug|Win32
		{62A969DF-8B9A-4A18-A2E8-502E2EB6CE73}.Release|Win32.ActiveCfg = Release|Win32
		{62A969DF-8B9A-4A18-A2E8-502E2EB6CE73}.MinSizeRel|Win32.ActiveCfg = MinSizeRel|Win32
		{62A969DF-8B9A-4A18-A2E8-502E2EB6CE73}.RelWithDebInfo|Win32.ActiveCfg = RelWithDebInfo|Win32
		{BE9859FD-26C2-4681-82EA-DD02F98074C2}.Debug|Win32.ActiveCfg = Debug|Win32
		{BE9859FD-26C2-4681-82EA-DD02F98074C2}.Debug|Win32.Build.0 = Debug|Win32
		{BE9859FD-26C2-4681-82EA-DD02F98074C2}.Release|Win32.ActiveCfg = Release|Win32
		{BE9859FD-26C2-4681-82EA-DD02F98074C2}.Release|Win32.Build.0 = Release|Win32
		{BE9859FD-26C2-4681-82EA-DD02F98074C2}.MinSizeRel|Win32.ActiveCfg = MinSizeRel|Win32
		{BE9859FD-26C2-4681-82EA-DD02F98074C2}.MinSizeRel|Win32.Build.0 = MinSizeRel|Win32
		{BE9859FD-26C2-4681-82EA-DD02F98074C2}.RelWithDebInfo|Win32.ActiveCfg = RelWithDebInfo|Win32
		{BE9859FD-26C2-4681-82EA-DD02F98074C2}.RelWithDebInfo|Win32.Build.0 = RelWithDebInfo|Win32
		{5B386D4F-588F-46D2-A190-3B166C1BD697}.Debug|Win32.ActiveCfg = Debug|Win32
		{5B386D4F-588F-46D2-A190-3B166C1BD697}.Debug|Win32.Build.0 = Debug|Win32
		{5B386D4F-588F-46D2-A190-3B166C1BD697}.Release|Win32.ActiveCfg = Release|Win32
		{5B386D4F-588F-46D2-A190-3B166C1BD697}.Release|Win32.Build.0 = Release|Win32
		{5B386D4F-588F-46D2-A190-3B166C1BD697}.MinSizeRel|Win32.ActiveCfg = MinSizeRel|Win32
		{5B386D4F-588F-46D2-A190-3B166C1BD697}.MinSizeRel|Win32.Build.0 = MinSizeRel|Win32
		{5B386D4F-588F-46D2-A190-3B166C1BD697}.RelWithDebInfo|Win32.ActiveCfg = RelWithDebInfo|Win32
		{5B386D4F-588F-46D2-A190-3B166C1BD697}.RelWithDebInfo|Win32.Build.0 = RelWithDebInfo|Win32
		{3514E0C4-0F3C-449C-8354-2BF83B87C547}.Debug|Win32.ActiveCfg = Debug|Win32
		{3514E0C4-0F3C-449C-8354-2BF83B87C547}.Debug|Win32.Build.0 = Debug|Win32
		{3514E0C4-0F3C-449C-8354-2BF83B87C547}.Release|Win32.ActiveCfg = Release|Win32
		{3514E0C4-0F3C-449C-8354-2BF83B87C547}.Release|Win32.Build.0 = Release|Win32
		{3514E0C4-0F3C-449C-8354-2BF83B87C547}.MinSizeRel|Win32.ActiveCfg = MinSizeRel|Win32
		{3514E0C4-0F3C-449C-8354-2BF83B87C547}.MinSizeRel|Win32.Build.0 = MinSizeRel|Win32
		{3514E0C4-0F3C-449C-8354-2BF83B87C547}.RelWithDebInfo|Win32.ActiveCfg = RelWithDebInfo|Win32
		{3514E0C4-0F3C-449C-8354-2BF83B87C547}.RelWithDebInfo|Win32.Build.0 = RelWithDebInfo|Win32
		{2777461C-2F01-449E-8B8D-34613596FECD}.Debug|Win32.ActiveCfg = Debug|Win32
		{2777461C-2F01-449E-8B8D-34613596FECD}.Release|Win32.ActiveCfg = Release|Win32
		{2777461C-2F01-449E-8B8D-34613596FECD}.MinSizeRel|Win32.ActiveCfg = MinSizeRel|Win32
		{2777461C-2F01-449E-8B8D-34613596FECD}.RelWithDebInfo|Win32.ActiveCfg = RelWithDebInfo|Win32
		{28677E25-6280-4904-8498-0007B8886834}.Debug|Win32.ActiveCfg = Debug|Win32
		{28677E25-6280-4904-8498-0007B8886834}.Debug|Win32.Build.0 = Debug|Win32
		{28677E25-6280-4904-8498-0007B8886834}.Release|Win32.ActiveCfg = Release|Win32
		{28677E25-6280-4904-8498-0007B8886834}.Release|Win32.Build.0 = Release|Win32
		{28677E25-6280-4904-8498-0007B8886834}.MinSizeRel|Win32.ActiveCfg = MinSizeRel|Win32
		{28677E25-6280-4904-8498-0007B8886834}.MinSizeRel|Win32.Build.0 = MinSizeRel|Win32
		{28677E25-6280-4904-8498-0007B8886834}.RelWithDebInfo|Win32.ActiveCfg = RelWithDebInfo|Win32
		{28677E25-6280-4904-8498-0007B8886834}.RelWithDebInfo|Win32.Build.0 = RelWithDebInfo|Win32
	EndGlobalSection
	GlobalSection(ExtensibilityGlobals) = postSolution
	EndGlobalSection
	GlobalSection(ExtensibilityAddIns) = postSolution
	EndGlobalSection
EndGlobal
